
Microsoft Visual Studio Solution File, Format Version 12.00
# Visual Studio Version 16
VisualStudioVersion = 16.0.30907.101
MinimumVisualStudioVersion = 10.0.40219.1
Project("{9A19103F-16F7-4668-BE54-9A1E7A4F7556}") = "WebShopProject", "WebShopProject\WebShopProject.csproj", "{2670BBAA-35BD-4B66-8B54-1019C1A21B1C}"
EndProject
Project("{FAE04EC0-301F-11D3-BF4B-00C04F79EFBC}") = "WebShop.DataAccess", "WebShop.DataAccess\WebShop.DataAccess.csproj", "{3F0EB40B-EA84-4B5F-B4B9-E050B36A7584}"
EndProject
Project("{FAE04EC0-301F-11D3-BF4B-00C04F79EFBC}") = "WebShop.Models", "WebShop.Models\WebShop.Models.csproj", "{78084414-4DD4-49F1-80CB-C7845D468759}"
EndProject
Project("{FAE04EC0-301F-11D3-BF4B-00C04F79EFBC}") = "WebShop.Utility", "WebShop.Utility\WebShop.Utility.csproj", "{6C74DFBC-BDB5-4223-9F14-9C150AA1E07E}"
EndProject
Global
	GlobalSection(SolutionConfigurationPlatforms) = preSolution
		Debug|Any CPU = Debug|Any CPU
		Release|Any CPU = Release|Any CPU
	EndGlobalSection
	GlobalSection(ProjectConfigurationPlatforms) = postSolution
		{2670BBAA-35BD-4B66-8B54-1019C1A21B1C}.Debug|Any CPU.ActiveCfg = Debug|Any CPU
		{2670BBAA-35BD-4B66-8B54-1019C1A21B1C}.Debug|Any CPU.Build.0 = Debug|Any CPU
		{2670BBAA-35BD-4B66-8B54-1019C1A21B1C}.Release|Any CPU.ActiveCfg = Release|Any CPU
		{2670BBAA-35BD-4B66-8B54-1019C1A21B1C}.Release|Any CPU.Build.0 = Release|Any CPU
		{3F0EB40B-EA84-4B5F-B4B9-E050B36A7584}.Debug|Any CPU.ActiveCfg = Debug|Any CPU
		{3F0EB40B-EA84-4B5F-B4B9-E050B36A7584}.Debug|Any CPU.Build.0 = Debug|Any CPU
		{3F0EB40B-EA84-4B5F-B4B9-E050B36A7584}.Release|Any CPU.ActiveCfg = Release|Any CPU
		{3F0EB40B-EA84-4B5F-B4B9-E050B36A7584}.Release|Any CPU.Build.0 = Release|Any CPU
		{78084414-4DD4-49F1-80CB-C7845D468759}.Debug|Any CPU.ActiveCfg = Debug|Any CPU
		{78084414-4DD4-49F1-80CB-C7845D468759}.Debug|Any CPU.Build.0 = Debug|Any CPU
		{78084414-4DD4-49F1-80CB-C7845D468759}.Release|Any CPU.ActiveCfg = Release|Any CPU
		{78084414-4DD4-49F1-80CB-C7845D468759}.Release|Any CPU.Build.0 = Release|Any CPU
		{6C74DFBC-BDB5-4223-9F14-9C150AA1E07E}.Debug|Any CPU.ActiveCfg = Debug|Any CPU
		{6C74DFBC-BDB5-4223-9F14-9C150AA1E07E}.Debug|Any CPU.Build.0 = Debug|Any CPU
		{6C74DFBC-BDB5-4223-9F14-9C150AA1E07E}.Release|Any CPU.ActiveCfg = Release|Any CPU
		{6C74DFBC-BDB5-4223-9F14-9C150AA1E07E}.Release|Any CPU.Build.0 = Release|Any CPU
	EndGlobalSection
	GlobalSection(SolutionProperties) = preSolution
		HideSolutionNode = FALSE
	EndGlobalSection
	GlobalSection(ExtensibilityGlobals) = postSolution
		SolutionGuid = {ADFA7105-81B1-40EC-AAB6-8F95BBC2C7B2}
	EndGlobalSection
EndGlobal
